# Generated by move; do not edit
# This file should be checked in.

[move]
version = 4

[pinned.testnet.HaedalProtocol]
source = { root = true }
use_environment = "testnet"
manifest_digest = "A3DBE5705C2FE0C7E349F63A4CE2A96D0D3C3A850938DCDBBD2F3A7E399B1178"
deps = { Sui = "Sui", SuiSystem = "SuiSystem" }

[pinned.testnet.MoveStdlib]
source = { git = "https://github.com/MystenLabs/sui.git", subdir = 'crates\sui-framework\packages\move-stdlib', rev = "ff1fe0ec455153707136cffd0dc77dfb77ba9ad5" }
use_environment = "testnet"
manifest_digest = "C4FE4C91DE74CBF223B2E380AE40F592177D21870DC2D7EB6227D2D694E05363"
deps = {}

[pinned.testnet.Sui]
source = { git = "https://github.com/MystenLabs/sui.git", subdir = 'crates\sui-framework\packages\sui-framework', rev = "ff1fe0ec455153707136cffd0dc77dfb77ba9ad5" }
use_environment = "testnet"
manifest_digest = "7AFB66695545775FBFBB2D3078ADFD084244D5002392E837FDE21D9EA1C6D01C"
deps = { MoveStdlib = "MoveStdlib" }

[pinned.testnet.SuiSystem]
source = { git = "https://github.com/MystenLabs/sui.git", subdir = 'crates\sui-framework\packages\sui-system', rev = "ff1fe0ec455153707136cffd0dc77dfb77ba9ad5" }
use_environment = "testnet"
manifest_digest = "F1655B9F9B8ECE67FDBA648266DD75B48852F63BF2515856E822586882D1CA2A"
deps = { MoveStdlib = "MoveStdlib", Sui = "Sui" }
