# Generated by move; do not edit
# This file should be checked in.

[move]
version = 4

[pinned.testnet.AdaptorMockSwap]
source = { root = true }
use_environment = "testnet"
manifest_digest = "791401A53B9566844F78E3E407BF0CAC17C78A4AB43285C61FECF7A5F8F5CA43"
deps = { Sui = "Sui", SupWallet = "SupWallet" }

[pinned.testnet.MoveStdlib]
source = { git = "https://github.com/MystenLabs/sui.git", subdir = 'crates\sui-framework\packages\move-stdlib', rev = "0a9aa917aabeb5a6f64b822a075206440b4db3dc" }
use_environment = "testnet"
manifest_digest = "C4FE4C91DE74CBF223B2E380AE40F592177D21870DC2D7EB6227D2D694E05363"
deps = {}

[pinned.testnet.MoveStdlib_1]
source = { git = "https://github.com/MystenLabs/sui.git", subdir = 'crates\sui-framework\packages\move-stdlib', rev = "a4185da5659d8d299d34e1bb2515ff1f7e32a20a" }
use_environment = "testnet"
manifest_digest = "C4FE4C91DE74CBF223B2E380AE40F592177D21870DC2D7EB6227D2D694E05363"
deps = {}

[pinned.testnet.Sui]
source = { git = "https://github.com/MystenLabs/sui.git", subdir = 'crates\sui-framework\packages\sui-framework', rev = "0a9aa917aabeb5a6f64b822a075206440b4db3dc" }
use_environment = "testnet"
manifest_digest = "7AFB66695545775FBFBB2D3078ADFD084244D5002392E837FDE21D9EA1C6D01C"
deps = { MoveStdlib = "MoveStdlib" }

[pinned.testnet.Sui_1]
source = { git = "https://github.com/MystenLabs/sui.git", subdir = 'crates\sui-framework\packages\sui-framework', rev = "a4185da5659d8d299d34e1bb2515ff1f7e32a20a" }
use_environment = "testnet"
manifest_digest = "7AFB66695545775FBFBB2D3078ADFD084244D5002392E837FDE21D9EA1C6D01C"
deps = { MoveStdlib = "MoveStdlib_1" }

[pinned.testnet.SupWallet]
source = { local = '..\..\sup_wallet' }
use_environment = "testnet"
manifest_digest = "2A43E1BCD0BD5E553A3941DD7223EB20D024BD554B24A198580506D3131604B2"
deps = { Sui = "Sui", usdc = "usdc", zzyzx_framework = "zzyzx_framework" }

[pinned.testnet.stablecoin]
source = { git = "https://github.com/circlefin/stablecoin-sui.git", subdir = 'packages\stablecoin', rev = "d0904aec1bbe46b38f811654070032363a5a2966" }
use_environment = "testnet"
manifest_digest = "CA8A8C98A033B13B98F0E9D48DA2051BB8943A549EE1F9C080A84F7B9FAF0F0C"
deps = { Sui = "Sui_1", sui_extensions = "sui_extensions" }

[pinned.testnet.sui_extensions]
source = { git = "https://github.com/circlefin/stablecoin-sui.git", subdir = 'packages\sui_extensions', rev = "d0904aec1bbe46b38f811654070032363a5a2966" }
use_environment = "testnet"
manifest_digest = "1AD09726AC05F000A00A1E0CB700C2036E67E05ACD42D402DD6B54FF2EFBB1E9"
deps = { Sui = "Sui_1" }

[pinned.testnet.usdc]
source = { git = "https://github.com/circlefin/stablecoin-sui.git", subdir = 'packages\usdc', rev = "d0904aec1bbe46b38f811654070032363a5a2966" }
use_environment = "testnet"
manifest_digest = "ABCB372881B4AA0562116087311A98C504CD81780C15E124BB70CD13E5A21CE4"
deps = { Sui = "Sui_1", stablecoin = "stablecoin", sui_extensions = "sui_extensions" }

[pinned.testnet.zzyzx_framework]
source = { local = '..\..\..\zzyzx_framework' }
use_environment = "testnet"
manifest_digest = "D5E0062F1EDD33A59E172DBEA00C2CA9A955E2A8A7CE04920A2CB4C54434AC54"
deps = { Sui = "Sui" }
