# Generated by move; do not edit
# This file should be checked in.

[move]
version = 4

[pinned.mainnet.MoveStdlib]
source = { git = "https://github.com/MystenLabs/sui.git", subdir = 'crates\sui-framework\packages\move-stdlib', rev = "0a9aa917aabeb5a6f64b822a075206440b4db3dc" }
use_environment = "mainnet"
manifest_digest = "C4FE4C91DE74CBF223B2E380AE40F592177D21870DC2D7EB6227D2D694E05363"
deps = {}

[pinned.mainnet.MoveStdlib_1]
source = { git = "https://github.com/MystenLabs/sui.git", subdir = 'crates\sui-framework\packages\move-stdlib', rev = "a4185da5659d8d299d34e1bb2515ff1f7e32a20a" }
use_environment = "mainnet"
manifest_digest = "C4FE4C91DE74CBF223B2E380AE40F592177D21870DC2D7EB6227D2D694E05363"
deps = {}

[pinned.mainnet.Sui]
source = { git = "https://github.com/MystenLabs/sui.git", subdir = 'crates\sui-framework\packages\sui-framework', rev = "0a9aa917aabeb5a6f64b822a075206440b4db3dc" }
use_environment = "mainnet"
manifest_digest = "CD547CB1ACCE0880C835DAED2D8FFCB91D56C833AE5240D3AA5B918398263195"
deps = { MoveStdlib = "MoveStdlib" }

[pinned.mainnet.Sui_1]
source = { git = "https://github.com/MystenLabs/sui.git", subdir = 'crates\sui-framework\packages\sui-framework', rev = "a4185da5659d8d299d34e1bb2515ff1f7e32a20a" }
use_environment = "mainnet"
manifest_digest = "CD547CB1ACCE0880C835DAED2D8FFCB91D56C833AE5240D3AA5B918398263195"
deps = { MoveStdlib = "MoveStdlib_1" }

[pinned.mainnet.SupWallet]
source = { local = '..\..\sup_wallet' }
use_environment = "mainnet"
manifest_digest = "494C53C85CDEED746D33824F896C5A03AC8B8BB53F640404281910EBF055AC6F"
deps = { Sui = "Sui", usdc = "usdc", zzyzx_framework = "zzyzx_framework" }

[pinned.mainnet.adaptor_os_account]
source = { root = true }
use_environment = "mainnet"
manifest_digest = "65D449F38B8DF330CFD01400810BB26FC409F1662A5DE45E8819D562AEDDA36F"
deps = { Sui = "Sui", SupWallet = "SupWallet", os_account = "os_account", zzyzx_framework = "zzyzx_framework" }

[pinned.mainnet.os_account]
source = { local = '..\..\..\os_account' }
use_environment = "mainnet"
manifest_digest = "C4AA6412DE9CA25D13B5626BF8948B6358B4E453BEE45FE71C35579E3BF922B0"
deps = { Sui = "Sui", zzyzx_framework = "zzyzx_framework" }

[pinned.mainnet.stablecoin]
source = { git = "https://github.com/circlefin/stablecoin-sui.git", subdir = 'packages\stablecoin', rev = "d0904aec1bbe46b38f811654070032363a5a2966" }
use_environment = "mainnet"
manifest_digest = "D1FE50C597BE535CA6E8A169082748AB89005284E0D8263275A45A017CFA40D9"
deps = { Sui = "Sui_1", sui_extensions = "sui_extensions" }

[pinned.mainnet.sui_extensions]
source = { git = "https://github.com/circlefin/stablecoin-sui.git", subdir = 'packages\sui_extensions', rev = "d0904aec1bbe46b38f811654070032363a5a2966" }
use_environment = "mainnet"
manifest_digest = "A441490BFF45892FF2D2F51A362331BAB479ECDAF138E673D20F5D457D2F65B9"
deps = { Sui = "Sui_1" }

[pinned.mainnet.usdc]
source = { git = "https://github.com/circlefin/stablecoin-sui.git", subdir = 'packages\usdc', rev = "d0904aec1bbe46b38f811654070032363a5a2966" }
use_environment = "mainnet"
manifest_digest = "BF0D9AE6518F5174EE87CBF91CFDB3F76B83EF440B11AC27486B1448973CD02B"
deps = { Sui = "Sui_1", stablecoin = "stablecoin", sui_extensions = "sui_extensions" }

[pinned.mainnet.zzyzx_framework]
source = { local = '..\..\..\zzyzx_framework' }
use_environment = "mainnet"
manifest_digest = "42BFDD6CD3EEAB63D0166C370C67FF559FFAEEC1E1CFF055043B48BB0C237598"
deps = { Sui = "Sui" }

[pinned.testnet.MoveStdlib]
source = { git = "https://github.com/MystenLabs/sui.git", subdir = 'crates\sui-framework\packages\move-stdlib', rev = "0a9aa917aabeb5a6f64b822a075206440b4db3dc" }
use_environment = "testnet"
manifest_digest = "C4FE4C91DE74CBF223B2E380AE40F592177D21870DC2D7EB6227D2D694E05363"
deps = {}

[pinned.testnet.MoveStdlib_1]
source = { git = "https://github.com/MystenLabs/sui.git", subdir = 'crates\sui-framework\packages\move-stdlib', rev = "a4185da5659d8d299d34e1bb2515ff1f7e32a20a" }
use_environment = "testnet"
manifest_digest = "C4FE4C91DE74CBF223B2E380AE40F592177D21870DC2D7EB6227D2D694E05363"
deps = {}

[pinned.testnet.Sui]
source = { git = "https://github.com/MystenLabs/sui.git", subdir = 'crates\sui-framework\packages\sui-framework', rev = "0a9aa917aabeb5a6f64b822a075206440b4db3dc" }
use_environment = "testnet"
manifest_digest = "7AFB66695545775FBFBB2D3078ADFD084244D5002392E837FDE21D9EA1C6D01C"
deps = { MoveStdlib = "MoveStdlib" }

[pinned.testnet.Sui_1]
source = { git = "https://github.com/MystenLabs/sui.git", subdir = 'crates\sui-framework\packages\sui-framework', rev = "a4185da5659d8d299d34e1bb2515ff1f7e32a20a" }
use_environment = "testnet"
manifest_digest = "7AFB66695545775FBFBB2D3078ADFD084244D5002392E837FDE21D9EA1C6D01C"
deps = { MoveStdlib = "MoveStdlib_1" }

[pinned.testnet.SupWallet]
source = { local = '..\..\sup_wallet' }
use_environment = "testnet"
manifest_digest = "2A43E1BCD0BD5E553A3941DD7223EB20D024BD554B24A198580506D3131604B2"
deps = { Sui = "Sui", usdc = "usdc", zzyzx_framework = "zzyzx_framework" }

[pinned.testnet.adaptor_os_account]
source = { root = true }
use_environment = "testnet"
manifest_digest = "B6F3F67013366F6FE4CC4AFB250C65556EA3DEE101816620D96C93C0DC15B099"
deps = { Sui = "Sui", SupWallet = "SupWallet", os_account = "os_account", zzyzx_framework = "zzyzx_framework" }

[pinned.testnet.os_account]
source = { local = '..\..\..\os_account' }
use_environment = "testnet"
manifest_digest = "FD00618E66F5C3F48CDE82B696167CF7ED92D4D7098BEF91078758CE649C616C"
deps = { Sui = "Sui", zzyzx_framework = "zzyzx_framework" }

[pinned.testnet.stablecoin]
source = { git = "https://github.com/circlefin/stablecoin-sui.git", subdir = 'packages\stablecoin', rev = "d0904aec1bbe46b38f811654070032363a5a2966" }
use_environment = "testnet"
manifest_digest = "CA8A8C98A033B13B98F0E9D48DA2051BB8943A549EE1F9C080A84F7B9FAF0F0C"
deps = { Sui = "Sui_1", sui_extensions = "sui_extensions" }

[pinned.testnet.sui_extensions]
source = { git = "https://github.com/circlefin/stablecoin-sui.git", subdir = 'packages\sui_extensions', rev = "d0904aec1bbe46b38f811654070032363a5a2966" }
use_environment = "testnet"
manifest_digest = "1AD09726AC05F000A00A1E0CB700C2036E67E05ACD42D402DD6B54FF2EFBB1E9"
deps = { Sui = "Sui_1" }

[pinned.testnet.usdc]
source = { git = "https://github.com/circlefin/stablecoin-sui.git", subdir = 'packages\usdc', rev = "d0904aec1bbe46b38f811654070032363a5a2966" }
use_environment = "testnet"
manifest_digest = "ABCB372881B4AA0562116087311A98C504CD81780C15E124BB70CD13E5A21CE4"
deps = { Sui = "Sui_1", stablecoin = "stablecoin", sui_extensions = "sui_extensions" }

[pinned.testnet.zzyzx_framework]
source = { local = '..\..\..\zzyzx_framework' }
use_environment = "testnet"
manifest_digest = "D5E0062F1EDD33A59E172DBEA00C2CA9A955E2A8A7CE04920A2CB4C54434AC54"
deps = { Sui = "Sui" }
